
Microsoft Visual Studio Solution File, Format Version 12.00
# Visual Studio 15
VisualStudioVersion = 15.0.28307.779
MinimumVisualStudioVersion = 10.0.40219.1
Project("{FAE04EC0-301F-11D3-BF4B-00C04F79EFBC}") = "MinecraftServerConnect", "MinecraftServerConnect\MinecraftServerConnect.csproj", "{886C0101-1F15-4945-8968-20CEA89553AB}"
EndProject
Project("{2150E333-8FDC-42A3-9474-1A3956D46DE8}") = "Solution Items", "Solution Items", "{8108470B-4627-479B-9DAF-6F749E90179A}"
	ProjectSection(SolutionItems) = preProject
		README.md = README.md
	EndProjectSection
EndProject
Global
	GlobalSection(SolutionConfigurationPlatforms) = preSolution
		Debug|Any CPU = Debug|Any CPU
		Release|Any CPU = Release|Any CPU
	EndGlobalSection
	GlobalSection(ProjectConfigurationPlatforms) = postSolution
		{886C0101-1F15-4945-8968-20CEA89553AB}.Debug|Any CPU.ActiveCfg = Debug|Any CPU
		{886C0101-1F15-4945-8968-20CEA89553AB}.Debug|Any CPU.Build.0 = Debug|Any CPU
		{886C0101-1F15-4945-8968-20CEA89553AB}.Release|Any CPU.ActiveCfg = Release|Any CPU
		{886C0101-1F15-4945-8968-20CEA89553AB}.Release|Any CPU.Build.0 = Release|Any CPU
	EndGlobalSection
	GlobalSection(SolutionProperties) = preSolution
		HideSolutionNode = FALSE
	EndGlobalSection
	GlobalSection(ExtensibilityGlobals) = postSolution
		SolutionGuid = {F8A5C9F7-DE93-43CB-9399-6B25F5D18D0D}
	EndGlobalSection
EndGlobal
